<?xml version="1.0" encoding="utf-8"?>
<Project ToolsVersion="4.0" xmlns="http://schemas.microsoft.com/developer/msbuild/2003">
  <ItemGroup>
    <Filter Include="소스 파일">
      <UniqueIdentifier>{4FC737F1-C7A5-4376-A066-2A32D752A2FF}</UniqueIdentifier>
      <Extensions>cpp;c;cc;cxx;c++;cppm;ixx;def;odl;idl;hpj;bat;asm;asmx</Extensions>
    </Filter>
    <Filter Include="헤더 파일">
      <UniqueIdentifier>{93995380-89BD-4b04-88EB-625FBE52EBFB}</UniqueIdentifier>
      <Extensions>h;hh;hpp;hxx;h++;hm;inl;inc;ipp;xsd</Extensions>
    </Filter>
    <Filter Include="리소스 파일">
      <UniqueIdentifier>{67DA6AB6-F800-4c08-8B7A-83BB121AAD01}</UniqueIdentifier>
      <Extensions>rc;ico;cur;bmp;dlg;rc2;rct;bin;rgs;gif;jpg;jpeg;jpe;resx;tiff;tif;png;wav;mfcribbon-ms</Extensions>
    </Filter>
    <Filter Include="01. GameEngine">
      <UniqueIdentifier>{f1482380-a7dd-4050-9a9f-8c0b679038a4}</UniqueIdentifier>
    </Filter>
    <Filter Include="01. GameEngine\00. Header">
      <UniqueIdentifier>{43834cba-6bb9-4bbe-a2c9-2d20c52ef16a}</UniqueIdentifier>
    </Filter>
    <Filter Include="01. GameEngine\02. Graphics">
      <UniqueIdentifier>{983e231a-957e-4116-a00e-834b59d63322}</UniqueIdentifier>
    </Filter>
    <Filter Include="01. GameEngine\01. Error">
      <UniqueIdentifier>{51986809-a245-49e7-98c3-ec2e0c03e6c6}</UniqueIdentifier>
    </Filter>
    <Filter Include="01. GameEngine\03. Input">
      <UniqueIdentifier>{2a982b8f-0b5d-4a24-9fdd-ae47b2a54d29}</UniqueIdentifier>
    </Filter>
    <Filter Include="01. GameEngine\04. Timer">
      <UniqueIdentifier>{5ef5c0c5-56d5-49ff-a551-675158544a28}</UniqueIdentifier>
    </Filter>
    <Filter Include="01. GameEngine\02. Graphics\01. Shader">
      <UniqueIdentifier>{2ff6802d-a8e2-4ac3-afa8-dc4cdd652617}</UniqueIdentifier>
    </Filter>
    <Filter Include="01. GameEngine\05. PathManager">
      <UniqueIdentifier>{cdb028aa-dd8f-4bb4-970a-aecb3de22ae5}</UniqueIdentifier>
    </Filter>
    <Filter Include="01. GameEngine\02. Graphics\02. Buffer">
      <UniqueIdentifier>{e9fa66a8-9781-4b60-a16a-c3e5ffdca687}</UniqueIdentifier>
    </Filter>
  </ItemGroup>
  <ItemGroup>
    <ClCompile Include="main.cpp">
      <Filter>소스 파일</Filter>
    </ClCompile>
    <ClCompile Include="GameEngine\CCore.cpp">
      <Filter>01. GameEngine</Filter>
    </ClCompile>
    <ClCompile Include="GameEngine\Graphics\CGraphics.cpp">
      <Filter>01. GameEngine\02. Graphics</Filter>
    </ClCompile>
    <ClCompile Include="GameEngine\Input\CInput.cpp">
      <Filter>01. GameEngine\03. Input</Filter>
    </ClCompile>
    <ClCompile Include="GameEngine\Graphics\CAdapterReader.cpp">
      <Filter>01. GameEngine\02. Graphics</Filter>
    </ClCompile>
    <ClCompile Include="GameEngine\Timer\CTimer.cpp">
      <Filter>01. GameEngine\04. Timer</Filter>
    </ClCompile>
    <ClCompile Include="GameEngine\Path\CPathManager.cpp">
      <Filter>01. GameEngine\05. PathManager</Filter>
    </ClCompile>
    <ClCompile Include="GameEngine\Graphics\Shader\CShaders.cpp">
      <Filter>01. GameEngine\02. Graphics\01. Shader</Filter>
    </ClCompile>
  </ItemGroup>
  <ItemGroup>
    <ClInclude Include="GameEngine\CCore.h">
      <Filter>01. GameEngine</Filter>
    </ClInclude>
    <ClInclude Include="GameEngine\Game.h">
      <Filter>01. GameEngine\00. Header</Filter>
    </ClInclude>
    <ClInclude Include="GameEngine\Macro.h">
      <Filter>01. GameEngine\00. Header</Filter>
    </ClInclude>
    <ClInclude Include="GameEngine\Types.h">
      <Filter>01. GameEngine\00. Header</Filter>
    </ClInclude>
    <ClInclude Include="GameEngine\Flag.h">
      <Filter>01. GameEngine\00. Header</Filter>
    </ClInclude>
    <ClInclude Include="GameEngine\resource.h">
      <Filter>01. GameEngine\00. Header</Filter>
    </ClInclude>
    <ClInclude Include="GameEngine\Graphics\CGraphics.h">
      <Filter>01. GameEngine\02. Graphics</Filter>
    </ClInclude>
    <ClInclude Include="GameEngine\Error\CGameError.h">
      <Filter>01. GameEngine\01. Error</Filter>
    </ClInclude>
    <ClInclude Include="GameEngine\Input\CInput.h">
      <Filter>01. GameEngine\03. Input</Filter>
    </ClInclude>
    <ClInclude Include="GameEngine\Graphics\CAdapterReader.h">
      <Filter>01. GameEngine\02. Graphics</Filter>
    </ClInclude>
    <ClInclude Include="GameEngine\Timer\CTimer.h">
      <Filter>01. GameEngine\04. Timer</Filter>
    </ClInclude>
    <ClInclude Include="GameEngine\Path\CPathManager.h">
      <Filter>01. GameEngine\05. PathManager</Filter>
    </ClInclude>
    <ClInclude Include="GameEngine\Graphics\Shader\CShaders.h">
      <Filter>01. GameEngine\02. Graphics\01. Shader</Filter>
    </ClInclude>
    <ClInclude Include="GameEngine\Graphics\Buffer\CVertexBuffer.h">
      <Filter>01. GameEngine\02. Graphics\02. Buffer</Filter>
    </ClInclude>
    <ClInclude Include="GameEngine\Graphics\Buffer\CIndexBuffer.h">
      <Filter>01. GameEngine\02. Graphics\02. Buffer</Filter>
    </ClInclude>
    <ClInclude Include="GameEngine\Graphics\Buffer\ConstBufferType.h">
      <Filter>01. GameEngine\02. Graphics\02. Buffer</Filter>
    </ClInclude>
    <ClInclude Include="GameEngine\Graphics\Buffer\CConstantBuffer.h">
      <Filter>01. GameEngine\02. Graphics\02. Buffer</Filter>
    </ClInclude>
  </ItemGroup>
  <ItemGroup>
    <FxCompile Include="GameEngine\Graphics\Shader\VertexShader.hlsl">
      <Filter>리소스 파일</Filter>
    </FxCompile>
    <FxCompile Include="GameEngine\Graphics\Shader\PixelShader.hlsl">
      <Filter>리소스 파일</Filter>
    </FxCompile>
  </ItemGroup>
</Project>